
Microsoft Visual Studio Solution File, Format Version 12.00
# Visual Studio Version 17
VisualStudioVersion = 17.3.32929.385
MinimumVisualStudioVersion = 10.0.40219.1
Project("{8BC9CEB8-8B4A-11D0-8D11-00A0C91BC942}") = "osProject5", "osProject5.vcxproj", "{71C32BA9-095D-4C35-9CED-5F65AF5FC218}"
EndProject
Global
	GlobalSection(SolutionConfigurationPlatforms) = preSolution
		Debug|x64 = Debug|x64
		Debug|x86 = Debug|x86
		Release|x64 = Release|x64
		Release|x86 = Release|x86
	EndGlobalSection
	GlobalSection(ProjectConfigurationPlatforms) = postSolution
		{71C32BA9-095D-4C35-9CED-5F65AF5FC218}.Debug|x64.ActiveCfg = Debug|x64
		{71C32BA9-095D-4C35-9CED-5F65AF5FC218}.Debug|x64.Build.0 = Debug|x64
		{71C32BA9-095D-4C35-9CED-5F65AF5FC218}.Debug|x86.ActiveCfg = Debug|Win32
		{71C32BA9-095D-4C35-9CED-5F65AF5FC218}.Debug|x86.Build.0 = Debug|Win32
		{71C32BA9-095D-4C35-9CED-5F65AF5FC218}.Release|x64.ActiveCfg = Release|x64
		{71C32BA9-095D-4C35-9CED-5F65AF5FC218}.Release|x64.Build.0 = Release|x64
		{71C32BA9-095D-4C35-9CED-5F65AF5FC218}.Release|x86.ActiveCfg = Release|Win32
		{71C32BA9-095D-4C35-9CED-5F65AF5FC218}.Release|x86.Build.0 = Release|Win32
	EndGlobalSection
	GlobalSection(SolutionProperties) = preSolution
		HideSolutionNode = FALSE
	EndGlobalSection
	GlobalSection(ExtensibilityGlobals) = postSolution
		SolutionGuid = {3D55E6F3-C266-442F-9D8A-8EFA8E5A6C1D}
	EndGlobalSection
EndGlobal
